// !$*UTF8*$!
{
	archiveVersion = 1;
	classes = {
	};
	objectVersion = 55;
	objects = {

/* Begin PBXBuildFile section */
		4110F96D285CF0DF00D97359 /* AppDelegate.swift in Sources */ = {isa = PBXBuildFile; fileRef = 4110F96C285CF0DF00D97359 /* AppDelegate.swift */; };
		4110F96F285CF0DF00D97359 /* SceneDelegate.swift in Sources */ = {isa = PBXBuildFile; fileRef = 4110F96E285CF0DF00D97359 /* SceneDelegate.swift */; };
		4110F976285CF0E200D97359 /* Assets.xcassets in Resources */ = {isa = PBXBuildFile; fileRef = 4110F975285CF0E200D97359 /* Assets.xcassets */; };
		4110F979285CF0E200D97359 /* LaunchScreen.storyboard in Resources */ = {isa = PBXBuildFile; fileRef = 4110F977285CF0E200D97359 /* LaunchScreen.storyboard */; };
		4110F9A1285CF8EE00D97359 /* SearchViewController.swift in Sources */ = {isa = PBXBuildFile; fileRef = 4110F9A0285CF8EE00D97359 /* SearchViewController.swift */; };
		4110F9A3285CF91E00D97359 /* FavoriteListViewController.swift in Sources */ = {isa = PBXBuildFile; fileRef = 4110F9A2285CF91E00D97359 /* FavoriteListViewController.swift */; };
		4110F9A5285D104A00D97359 /* GFButton.swift in Sources */ = {isa = PBXBuildFile; fileRef = 4110F9A4285D104A00D97359 /* GFButton.swift */; };
		4110F9A7285D12DA00D97359 /* GFTextField.swift in Sources */ = {isa = PBXBuildFile; fileRef = 4110F9A6285D12DA00D97359 /* GFTextField.swift */; };
		4110F9A9285D26E000D97359 /* FollowerListViewController.swift in Sources */ = {isa = PBXBuildFile; fileRef = 4110F9A8285D26E000D97359 /* FollowerListViewController.swift */; };
		4110F9AB285D2FAF00D97359 /* GFTitleLabel.swift in Sources */ = {isa = PBXBuildFile; fileRef = 4110F9AA285D2FAF00D97359 /* GFTitleLabel.swift */; };
		4110F9AD285D310600D97359 /* GFBodyLabel.swift in Sources */ = {isa = PBXBuildFile; fileRef = 4110F9AC285D310600D97359 /* GFBodyLabel.swift */; };
		4110F9AF285D31A800D97359 /* GFAlertViewController.swift in Sources */ = {isa = PBXBuildFile; fileRef = 4110F9AE285D31A800D97359 /* GFAlertViewController.swift */; };
		4110F9B1285D415A00D97359 /* UIViewController+Extension.swift in Sources */ = {isa = PBXBuildFile; fileRef = 4110F9B0285D415A00D97359 /* UIViewController+Extension.swift */; };
		4110F9B8285D4C9200D97359 /* Follower.swift in Sources */ = {isa = PBXBuildFile; fileRef = 4110F9B7285D4C9200D97359 /* Follower.swift */; };
		4110F9BA285D4D2C00D97359 /* User.swift in Sources */ = {isa = PBXBuildFile; fileRef = 4110F9B9285D4D2C00D97359 /* User.swift */; };
		41A44468285E0C59000F2C4A /* NetworkManager.swift in Sources */ = {isa = PBXBuildFile; fileRef = 41A44467285E0C59000F2C4A /* NetworkManager.swift */; };
		41A4446B285E154E000F2C4A /* ErrorMessage.swift in Sources */ = {isa = PBXBuildFile; fileRef = 41A4446A285E154E000F2C4A /* ErrorMessage.swift */; };
		41A4446E285E2029000F2C4A /* FollowerCell.swift in Sources */ = {isa = PBXBuildFile; fileRef = 41A4446D285E2029000F2C4A /* FollowerCell.swift */; };
		41A44470285E20A0000F2C4A /* GFAvatarImageView.swift in Sources */ = {isa = PBXBuildFile; fileRef = 41A4446F285E20A0000F2C4A /* GFAvatarImageView.swift */; };
/* End PBXBuildFile section */

/* Begin PBXFileReference section */
		4110F969285CF0DF00D97359 /* Tutorial-GitHub-Followers.app */ = {isa = PBXFileReference; explicitFileType = wrapper.application; includeInIndex = 0; path = "Tutorial-GitHub-Followers.app"; sourceTree = BUILT_PRODUCTS_DIR; };
		4110F96C285CF0DF00D97359 /* AppDelegate.swift */ = {isa = PBXFileReference; lastKnownFileType = sourcecode.swift; path = AppDelegate.swift; sourceTree = "<group>"; };
		4110F96E285CF0DF00D97359 /* SceneDelegate.swift */ = {isa = PBXFileReference; lastKnownFileType = sourcecode.swift; path = SceneDelegate.swift; sourceTree = "<group>"; };
		4110F975285CF0E200D97359 /* Assets.xcassets */ = {isa = PBXFileReference; lastKnownFileType = folder.assetcatalog; path = Assets.xcassets; sourceTree = "<group>"; };
		4110F978285CF0E200D97359 /* Base */ = {isa = PBXFileReference; lastKnownFileType = file.storyboard; name = Base; path = Base.lproj/LaunchScreen.storyboard; sourceTree = "<group>"; };
		4110F97A285CF0E200D97359 /* Info.plist */ = {isa = PBXFileReference; lastKnownFileType = text.plist.xml; path = Info.plist; sourceTree = "<group>"; };
		4110F9A0285CF8EE00D97359 /* SearchViewController.swift */ = {isa = PBXFileReference; lastKnownFileType = sourcecode.swift; path = SearchViewController.swift; sourceTree = "<group>"; };
		4110F9A2285CF91E00D97359 /* FavoriteListViewController.swift */ = {isa = PBXFileReference; lastKnownFileType = sourcecode.swift; path = FavoriteListViewController.swift; sourceTree = "<group>"; };
		4110F9A4285D104A00D97359 /* GFButton.swift */ = {isa = PBXFileReference; lastKnownFileType = sourcecode.swift; path = GFButton.swift; sourceTree = "<group>"; };
		4110F9A6285D12DA00D97359 /* GFTextField.swift */ = {isa = PBXFileReference; lastKnownFileType = sourcecode.swift; path = GFTextField.swift; sourceTree = "<group>"; };
		4110F9A8285D26E000D97359 /* FollowerListViewController.swift */ = {isa = PBXFileReference; lastKnownFileType = sourcecode.swift; path = FollowerListViewController.swift; sourceTree = "<group>"; };
		4110F9AA285D2FAF00D97359 /* GFTitleLabel.swift */ = {isa = PBXFileReference; lastKnownFileType = sourcecode.swift; path = GFTitleLabel.swift; sourceTree = "<group>"; };
		4110F9AC285D310600D97359 /* GFBodyLabel.swift */ = {isa = PBXFileReference; lastKnownFileType = sourcecode.swift; path = GFBodyLabel.swift; sourceTree = "<group>"; };
		4110F9AE285D31A800D97359 /* GFAlertViewController.swift */ = {isa = PBXFileReference; lastKnownFileType = sourcecode.swift; path = GFAlertViewController.swift; sourceTree = "<group>"; };
		4110F9B0285D415A00D97359 /* UIViewController+Extension.swift */ = {isa = PBXFileReference; lastKnownFileType = sourcecode.swift; path = "UIViewController+Extension.swift"; sourceTree = "<group>"; };
		4110F9B7285D4C9200D97359 /* Follower.swift */ = {isa = PBXFileReference; lastKnownFileType = sourcecode.swift; path = Follower.swift; sourceTree = "<group>"; };
		4110F9B9285D4D2C00D97359 /* User.swift */ = {isa = PBXFileReference; lastKnownFileType = sourcecode.swift; path = User.swift; sourceTree = "<group>"; };
		41A44467285E0C59000F2C4A /* NetworkManager.swift */ = {isa = PBXFileReference; lastKnownFileType = sourcecode.swift; path = NetworkManager.swift; sourceTree = "<group>"; };
		41A4446A285E154E000F2C4A /* ErrorMessage.swift */ = {isa = PBXFileReference; lastKnownFileType = sourcecode.swift; path = ErrorMessage.swift; sourceTree = "<group>"; };
		41A4446D285E2029000F2C4A /* FollowerCell.swift */ = {isa = PBXFileReference; lastKnownFileType = sourcecode.swift; path = FollowerCell.swift; sourceTree = "<group>"; };
		41A4446F285E20A0000F2C4A /* GFAvatarImageView.swift */ = {isa = PBXFileReference; lastKnownFileType = sourcecode.swift; path = GFAvatarImageView.swift; sourceTree = "<group>"; };
/* End PBXFileReference section */

/* Begin PBXFrameworksBuildPhase section */
		4110F966285CF0DF00D97359 /* Frameworks */ = {
			isa = PBXFrameworksBuildPhase;
			buildActionMask = 2147483647;
			files = (
			);
			runOnlyForDeploymentPostprocessing = 0;
		};
/* End PBXFrameworksBuildPhase section */

/* Begin PBXGroup section */
		4110F960285CF0DE00D97359 = {
			isa = PBXGroup;
			children = (
				4110F96B285CF0DF00D97359 /* Tutorial-GitHub-Followers */,
				4110F96A285CF0DF00D97359 /* Products */,
			);
			sourceTree = "<group>";
		};
		4110F96A285CF0DF00D97359 /* Products */ = {
			isa = PBXGroup;
			children = (
				4110F969285CF0DF00D97359 /* Tutorial-GitHub-Followers.app */,
			);
			name = Products;
			sourceTree = "<group>";
		};
		4110F96B285CF0DF00D97359 /* Tutorial-GitHub-Followers */ = {
			isa = PBXGroup;
			children = (
				4110F96C285CF0DF00D97359 /* AppDelegate.swift */,
				4110F96E285CF0DF00D97359 /* SceneDelegate.swift */,
				41A44469285E153C000F2C4A /* Utilities */,
				41A44466285E0C46000F2C4A /* Managers */,
				4110F9B6285D4C8700D97359 /* Model */,
				4110F9B4285D470D00D97359 /* Extensions */,
				4110F9B2285D46BD00D97359 /* Controllers */,
				4110F9B3285D46ED00D97359 /* Views */,
				4110F975285CF0E200D97359 /* Assets.xcassets */,
				4110F977285CF0E200D97359 /* LaunchScreen.storyboard */,
				4110F97A285CF0E200D97359 /* Info.plist */,
			);
			path = "Tutorial-GitHub-Followers";
			sourceTree = "<group>";
		};
		4110F9B2285D46BD00D97359 /* Controllers */ = {
			isa = PBXGroup;
			children = (
				4110F9A0285CF8EE00D97359 /* SearchViewController.swift */,
				4110F9A2285CF91E00D97359 /* FavoriteListViewController.swift */,
				4110F9A8285D26E000D97359 /* FollowerListViewController.swift */,
				4110F9AE285D31A800D97359 /* GFAlertViewController.swift */,
			);
			path = Controllers;
			sourceTree = "<group>";
		};
		4110F9B3285D46ED00D97359 /* Views */ = {
			isa = PBXGroup;
			children = (
				41A4446C285E200E000F2C4A /* Cells */,
				4110F9A4285D104A00D97359 /* GFButton.swift */,
				4110F9AC285D310600D97359 /* GFBodyLabel.swift */,
				4110F9A6285D12DA00D97359 /* GFTextField.swift */,
				4110F9AA285D2FAF00D97359 /* GFTitleLabel.swift */,
				41A4446F285E20A0000F2C4A /* GFAvatarImageView.swift */,
			);
			path = Views;
			sourceTree = "<group>";
		};
		4110F9B4285D470D00D97359 /* Extensions */ = {
			isa = PBXGroup;
			children = (
				4110F9B0285D415A00D97359 /* UIViewController+Extension.swift */,
			);
			path = Extensions;
			sourceTree = "<group>";
		};
		4110F9B6285D4C8700D97359 /* Model */ = {
			isa = PBXGroup;
			children = (
				4110F9B7285D4C9200D97359 /* Follower.swift */,
				4110F9B9285D4D2C00D97359 /* User.swift */,
			);
			path = Model;
			sourceTree = "<group>";
		};
		41A44466285E0C46000F2C4A /* Managers */ = {
			isa = PBXGroup;
			children = (
				41A44467285E0C59000F2C4A /* NetworkManager.swift */,
			);
			path = Managers;
			sourceTree = "<group>";
		};
		41A44469285E153C000F2C4A /* Utilities */ = {
			isa = PBXGroup;
			children = (
				41A4446A285E154E000F2C4A /* ErrorMessage.swift */,
			);
			path = Utilities;
			sourceTree = "<group>";
		};
		41A4446C285E200E000F2C4A /* Cells */ = {
			isa = PBXGroup;
			children = (
				41A4446D285E2029000F2C4A /* FollowerCell.swift */,
			);
			path = Cells;
			sourceTree = "<group>";
		};
/* End PBXGroup section */

/* Begin PBXNativeTarget section */
		4110F968285CF0DF00D97359 /* Tutorial-GitHub-Followers */ = {
			isa = PBXNativeTarget;
			buildConfigurationList = 4110F97D285CF0E200D97359 /* Build configuration list for PBXNativeTarget "Tutorial-GitHub-Followers" */;
			buildPhases = (
				4110F965285CF0DF00D97359 /* Sources */,
				4110F966285CF0DF00D97359 /* Frameworks */,
				4110F967285CF0DF00D97359 /* Resources */,
			);
			buildRules = (
			);
			dependencies = (
			);
			name = "Tutorial-GitHub-Followers";
			productName = "Tutorial-GitHub-Followers";
			productReference = 4110F969285CF0DF00D97359 /* Tutorial-GitHub-Followers.app */;
			productType = "com.apple.product-type.application";
		};
/* End PBXNativeTarget section */

/* Begin PBXProject section */
		4110F961285CF0DE00D97359 /* Project object */ = {
			isa = PBXProject;
			attributes = {
				BuildIndependentTargetsInParallel = 1;
				LastSwiftUpdateCheck = 1340;
				LastUpgradeCheck = 1340;
				TargetAttributes = {
					4110F968285CF0DF00D97359 = {
						CreatedOnToolsVersion = 13.4.1;
					};
				};
			};
			buildConfigurationList = 4110F964285CF0DE00D97359 /* Build configuration list for PBXProject "Tutorial-GitHub-Followers" */;
			compatibilityVersion = "Xcode 13.0";
			developmentRegion = en;
			hasScannedForEncodings = 0;
			knownRegions = (
				en,
				Base,
			);
			mainGroup = 4110F960285CF0DE00D97359;
			productRefGroup = 4110F96A285CF0DF00D97359 /* Products */;
			projectDirPath = "";
			projectRoot = "";
			targets = (
				4110F968285CF0DF00D97359 /* Tutorial-GitHub-Followers */,
			);
		};
/* End PBXProject section */

/* Begin PBXResourcesBuildPhase section */
		4110F967285CF0DF00D97359 /* Resources */ = {
			isa = PBXResourcesBuildPhase;
			buildActionMask = 2147483647;
			files = (
				4110F979285CF0E200D97359 /* LaunchScreen.storyboard in Resources */,
				4110F976285CF0E200D97359 /* Assets.xcassets in Resources */,
			);
			runOnlyForDeploymentPostprocessing = 0;
		};
/* End PBXResourcesBuildPhase section */

/* Begin PBXSourcesBuildPhase section */
		4110F965285CF0DF00D97359 /* Sources */ = {
			isa = PBXSourcesBuildPhase;
			buildActionMask = 2147483647;
			files = (
				4110F9BA285D4D2C00D97359 /* User.swift in Sources */,
				4110F9AF285D31A800D97359 /* GFAlertViewController.swift in Sources */,
				4110F9B1285D415A00D97359 /* UIViewController+Extension.swift in Sources */,
				4110F9A7285D12DA00D97359 /* GFTextField.swift in Sources */,
				4110F9A3285CF91E00D97359 /* FavoriteListViewController.swift in Sources */,
				41A44470285E20A0000F2C4A /* GFAvatarImageView.swift in Sources */,
				4110F9A5285D104A00D97359 /* GFButton.swift in Sources */,
				4110F9A9285D26E000D97359 /* FollowerListViewController.swift in Sources */,
				41A4446E285E2029000F2C4A /* FollowerCell.swift in Sources */,
				41A4446B285E154E000F2C4A /* ErrorMessage.swift in Sources */,
				4110F9AD285D310600D97359 /* GFBodyLabel.swift in Sources */,
				4110F9B8285D4C9200D97359 /* Follower.swift in Sources */,
				4110F9AB285D2FAF00D97359 /* GFTitleLabel.swift in Sources */,
				41A44468285E0C59000F2C4A /* NetworkManager.swift in Sources */,
				4110F9A1285CF8EE00D97359 /* SearchViewController.swift in Sources */,
				4110F96D285CF0DF00D97359 /* AppDelegate.swift in Sources */,
				4110F96F285CF0DF00D97359 /* SceneDelegate.swift in Sources */,
			);
			runOnlyForDeploymentPostprocessing = 0;
		};
/* End PBXSourcesBuildPhase section */

/* Begin PBXVariantGroup section */
		4110F977285CF0E200D97359 /* LaunchScreen.storyboard */ = {
			isa = PBXVariantGroup;
			children = (
				4110F978285CF0E200D97359 /* Base */,
			);
			name = LaunchScreen.storyboard;
			sourceTree = "<group>";
		};
/* End PBXVariantGroup section */

/* Begin XCBuildConfiguration section */
		4110F97B285CF0E200D97359 /* Debug */ = {
			isa = XCBuildConfiguration;
			buildSettings = {
				ALWAYS_SEARCH_USER_PATHS = NO;
				CLANG_ANALYZER_NONNULL = YES;
				CLANG_ANALYZER_NUMBER_OBJECT_CONVERSION = YES_AGGRESSIVE;
				CLANG_CXX_LANGUAGE_STANDARD = "gnu++17";
				CLANG_ENABLE_MODULES = YES;
				CLANG_ENABLE_OBJC_ARC = YES;
				CLANG_ENABLE_OBJC_WEAK = YES;
				CLANG_WARN_BLOCK_CAPTURE_AUTORELEASING = YES;
				CLANG_WARN_BOOL_CONVERSION = YES;
				CLANG_WARN_COMMA = YES;
				CLANG_WARN_CONSTANT_CONVERSION = YES;
				CLANG_WARN_DEPRECATED_OBJC_IMPLEMENTATIONS = YES;
				CLANG_WARN_DIRECT_OBJC_ISA_USAGE = YES_ERROR;
				CLANG_WARN_DOCUMENTATION_COMMENTS = YES;
				CLANG_WARN_EMPTY_BODY = YES;
				CLANG_WARN_ENUM_CONVERSION = YES;
				CLANG_WARN_INFINITE_RECURSION = YES;
				CLANG_WARN_INT_CONVERSION = YES;
				CLANG_WARN_NON_LITERAL_NULL_CONVERSION = YES;
				CLANG_WARN_OBJC_IMPLICIT_RETAIN_SELF = YES;
				CLANG_WARN_OBJC_LITERAL_CONVERSION = YES;
				CLANG_WARN_OBJC_ROOT_CLASS = YES_ERROR;
				CLANG_WARN_QUOTED_INCLUDE_IN_FRAMEWORK_HEADER = YES;
				CLANG_WARN_RANGE_LOOP_ANALYSIS = YES;
				CLANG_WARN_STRICT_PROTOTYPES = YES;
				CLANG_WARN_SUSPICIOUS_MOVE = YES;
				CLANG_WARN_UNGUARDED_AVAILABILITY = YES_AGGRESSIVE;
				CLANG_WARN_UNREACHABLE_CODE = YES;
				CLANG_WARN__DUPLICATE_METHOD_MATCH = YES;
				COPY_PHASE_STRIP = NO;
				DEBUG_INFORMATION_FORMAT = dwarf;
				ENABLE_STRICT_OBJC_MSGSEND = YES;
				ENABLE_TESTABILITY = YES;
				GCC_C_LANGUAGE_STANDARD = gnu11;
				GCC_DYNAMIC_NO_PIC = NO;
				GCC_NO_COMMON_BLOCKS = YES;
				GCC_OPTIMIZATION_LEVEL = 0;
				GCC_PREPROCESSOR_DEFINITIONS = (
					"DEBUG=1",
					"$(inherited)",
				);
				GCC_WARN_64_TO_32_BIT_CONVERSION = YES;
				GCC_WARN_ABOUT_RETURN_TYPE = YES_ERROR;
				GCC_WARN_UNDECLARED_SELECTOR = YES;
				GCC_WARN_UNINITIALIZED_AUTOS = YES_AGGRESSIVE;
				GCC_WARN_UNUSED_FUNCTION = YES;
				GCC_WARN_UNUSED_VARIABLE = YES;
				IPHONEOS_DEPLOYMENT_TARGET = 15.5;
				MTL_ENABLE_DEBUG_INFO = INCLUDE_SOURCE;
				MTL_FAST_MATH = YES;
				ONLY_ACTIVE_ARCH = YES;
				SDKROOT = iphoneos;
				SWIFT_ACTIVE_COMPILATION_CONDITIONS = DEBUG;
				SWIFT_OPTIMIZATION_LEVEL = "-Onone";
			};
			name = Debug;
		};
		4110F97C285CF0E200D97359 /* Release */ = {
			isa = XCBuildConfiguration;
			buildSettings = {
				ALWAYS_SEARCH_USER_PATHS = NO;
				CLANG_ANALYZER_NONNULL = YES;
				CLANG_ANALYZER_NUMBER_OBJECT_CONVERSION = YES_AGGRESSIVE;
				CLANG_CXX_LANGUAGE_STANDARD = "gnu++17";
				CLANG_ENABLE_MODULES = YES;
				CLANG_ENABLE_OBJC_ARC = YES;
				CLANG_ENABLE_OBJC_WEAK = YES;
				CLANG_WARN_BLOCK_CAPTURE_AUTORELEASING = YES;
				CLANG_WARN_BOOL_CONVERSION = YES;
				CLANG_WARN_COMMA = YES;
				CLANG_WARN_CONSTANT_CONVERSION = YES;
				CLANG_WARN_DEPRECATED_OBJC_IMPLEMENTATIONS = YES;
				CLANG_WARN_DIRECT_OBJC_ISA_USAGE = YES_ERROR;
				CLANG_WARN_DOCUMENTATION_COMMENTS = YES;
				CLANG_WARN_EMPTY_BODY = YES;
				CLANG_WARN_ENUM_CONVERSION = YES;
				CLANG_WARN_INFINITE_RECURSION = YES;
				CLANG_WARN_INT_CONVERSION = YES;
				CLANG_WARN_NON_LITERAL_NULL_CONVERSION = YES;
				CLANG_WARN_OBJC_IMPLICIT_RETAIN_SELF = YES;
				CLANG_WARN_OBJC_LITERAL_CONVERSION = YES;
				CLANG_WARN_OBJC_ROOT_CLASS = YES_ERROR;
				CLANG_WARN_QUOTED_INCLUDE_IN_FRAMEWORK_HEADER = YES;
				CLANG_WARN_RANGE_LOOP_ANALYSIS = YES;
				CLANG_WARN_STRICT_PROTOTYPES = YES;
				CLANG_WARN_SUSPICIOUS_MOVE = YES;
				CLANG_WARN_UNGUARDED_AVAILABILITY = YES_AGGRESSIVE;
				CLANG_WARN_UNREACHABLE_CODE = YES;
				CLANG_WARN__DUPLICATE_METHOD_MATCH = YES;
				COPY_PHASE_STRIP = NO;
				DEBUG_INFORMATION_FORMAT = "dwarf-with-dsym";
				ENABLE_NS_ASSERTIONS = NO;
				ENABLE_STRICT_OBJC_MSGSEND = YES;
				GCC_C_LANGUAGE_STANDARD = gnu11;
				GCC_NO_COMMON_BLOCKS = YES;
				GCC_WARN_64_TO_32_BIT_CONVERSION = YES;
				GCC_WARN_ABOUT_RETURN_TYPE = YES_ERROR;
				GCC_WARN_UNDECLARED_SELECTOR = YES;
				GCC_WARN_UNINITIALIZED_AUTOS = YES_AGGRESSIVE;
				GCC_WARN_UNUSED_FUNCTION = YES;
				GCC_WARN_UNUSED_VARIABLE = YES;
				IPHONEOS_DEPLOYMENT_TARGET = 15.5;
				MTL_ENABLE_DEBUG_INFO = NO;
				MTL_FAST_MATH = YES;
				SDKROOT = iphoneos;
				SWIFT_COMPILATION_MODE = wholemodule;
				SWIFT_OPTIMIZATION_LEVEL = "-O";
				VALIDATE_PRODUCT = YES;
			};
			name = Release;
		};
		4110F97E285CF0E200D97359 /* Debug */ = {
			isa = XCBuildConfiguration;
			buildSettings = {
				ASSETCATALOG_COMPILER_APPICON_NAME = AppIcon;
				ASSETCATALOG_COMPILER_GLOBAL_ACCENT_COLOR_NAME = AccentColor;
				CODE_SIGN_STYLE = Automatic;
				CURRENT_PROJECT_VERSION = 1;
				DEVELOPMENT_TEAM = 947MDTH7AR;
				GENERATE_INFOPLIST_FILE = YES;
				INFOPLIST_FILE = "Tutorial-GitHub-Followers/Info.plist";
				INFOPLIST_KEY_UIApplicationSupportsIndirectInputEvents = YES;
				INFOPLIST_KEY_UILaunchStoryboardName = LaunchScreen;
				INFOPLIST_KEY_UISupportedInterfaceOrientations = UIInterfaceOrientationPortrait;
				INFOPLIST_KEY_UISupportedInterfaceOrientations_iPad = "UIInterfaceOrientationPortrait UIInterfaceOrientationPortraitUpsideDown UIInterfaceOrientationLandscapeLeft UIInterfaceOrientationLandscapeRight";
				INFOPLIST_KEY_UISupportedInterfaceOrientations_iPhone = "UIInterfaceOrientationPortrait UIInterfaceOrientationLandscapeLeft UIInterfaceOrientationLandscapeRight";
				LD_RUNPATH_SEARCH_PATHS = (
					"$(inherited)",
					"@executable_path/Frameworks",
				);
				MARKETING_VERSION = 1.0;
				PRODUCT_BUNDLE_IDENTIFIER = "FrankfurtIndustries.Tutorial-GitHub-Followers";
				PRODUCT_NAME = "$(TARGET_NAME)";
				SWIFT_EMIT_LOC_STRINGS = YES;
				SWIFT_VERSION = 5.0;
				TARGETED_DEVICE_FAMILY = 1;
			};
			name = Debug;
		};
		4110F97F285CF0E200D97359 /* Release */ = {
			isa = XCBuildConfiguration;
			buildSettings = {
				ASSETCATALOG_COMPILER_APPICON_NAME = AppIcon;
				ASSETCATALOG_COMPILER_GLOBAL_ACCENT_COLOR_NAME = AccentColor;
				CODE_SIGN_STYLE = Automatic;
				CURRENT_PROJECT_VERSION = 1;
				DEVELOPMENT_TEAM = 947MDTH7AR;
				GENERATE_INFOPLIST_FILE = YES;
				INFOPLIST_FILE = "Tutorial-GitHub-Followers/Info.plist";
				INFOPLIST_KEY_UIApplicationSupportsIndirectInputEvents = YES;
				INFOPLIST_KEY_UILaunchStoryboardName = LaunchScreen;
				INFOPLIST_KEY_UISupportedInterfaceOrientations = UIInterfaceOrientationPortrait;
				INFOPLIST_KEY_UISupportedInterfaceOrientations_iPad = "UIInterfaceOrientationPortrait UIInterfaceOrientationPortraitUpsideDown UIInterfaceOrientationLandscapeLeft UIInterfaceOrientationLandscapeRight";
				INFOPLIST_KEY_UISupportedInterfaceOrientations_iPhone = "UIInterfaceOrientationPortrait UIInterfaceOrientationLandscapeLeft UIInterfaceOrientationLandscapeRight";
				LD_RUNPATH_SEARCH_PATHS = (
					"$(inherited)",
					"@executable_path/Frameworks",
				);
				MARKETING_VERSION = 1.0;
				PRODUCT_BUNDLE_IDENTIFIER = "FrankfurtIndustries.Tutorial-GitHub-Followers";
				PRODUCT_NAME = "$(TARGET_NAME)";
				SWIFT_EMIT_LOC_STRINGS = YES;
				SWIFT_VERSION = 5.0;
				TARGETED_DEVICE_FAMILY = 1;
			};
			name = Release;
		};
/* End XCBuildConfiguration section */

/* Begin XCConfigurationList section */
		4110F964285CF0DE00D97359 /* Build configuration list for PBXProject "Tutorial-GitHub-Followers" */ = {
			isa = XCConfigurationList;
			buildConfigurations = (
				4110F97B285CF0E200D97359 /* Debug */,
				4110F97C285CF0E200D97359 /* Release */,
			);
			defaultConfigurationIsVisible = 0;
			defaultConfigurationName = Release;
		};
		4110F97D285CF0E200D97359 /* Build configuration list for PBXNativeTarget "Tutorial-GitHub-Followers" */ = {
			isa = XCConfigurationList;
			buildConfigurations = (
				4110F97E285CF0E200D97359 /* Debug */,
				4110F97F285CF0E200D97359 /* Release */,
			);
			defaultConfigurationIsVisible = 0;
			defaultConfigurationName = Release;
		};
/* End XCConfigurationList section */
	};
	rootObject = 4110F961285CF0DE00D97359 /* Project object */;
}
